
Microsoft Visual Studio Solution File, Format Version 12.00
# Visual Studio 15
VisualStudioVersion = 15.0.28307.106
MinimumVisualStudioVersion = 10.0.40219.1
Project("{FAE04EC0-301F-11D3-BF4B-00C04F79EFBC}") = "PRMS", "PRMS\PRMS.csproj", "{B39492DA-ED94-46E3-8A04-77EBA650F500}"
EndProject
Global
	GlobalSection(SolutionConfigurationPlatforms) = preSolution
		Debug|Any CPU = Debug|Any CPU
		Release|Any CPU = Release|Any CPU
	EndGlobalSection
	GlobalSection(ProjectConfigurationPlatforms) = postSolution
		{B39492DA-ED94-46E3-8A04-77EBA650F500}.Debug|Any CPU.ActiveCfg = Debug|Any CPU
		{B39492DA-ED94-46E3-8A04-77EBA650F500}.Debug|Any CPU.Build.0 = Debug|Any CPU
		{B39492DA-ED94-46E3-8A04-77EBA650F500}.Release|Any CPU.ActiveCfg = Release|Any CPU
		{B39492DA-ED94-46E3-8A04-77EBA650F500}.Release|Any CPU.Build.0 = Release|Any CPU
	EndGlobalSection
	GlobalSection(SolutionProperties) = preSolution
		HideSolutionNode = FALSE
	EndGlobalSection
	GlobalSection(ExtensibilityGlobals) = postSolution
		SolutionGuid = {DCFBFB35-CC5A-47D8-80AC-7CB8CC074CF5}
	EndGlobalSection
EndGlobal
